
Microsoft Visual Studio Solution File, Format Version 11.00
# Visual Studio 2010
Project("{FAE04EC0-301F-11D3-BF4B-00C04F79EFBC}") = "LinqPad Mongo Driver", "LinqPad Mongo Driver\LinqPad Mongo Driver.csproj", "{2B6FD49C-5B6E-413C-8B91-2C41A1F3F708}"
EndProject
Project("{FAE04EC0-301F-11D3-BF4B-00C04F79EFBC}") = "TestApp", "TestApp\TestApp.csproj", "{6CB12646-9DE3-4D29-A690-58035B290AA4}"
EndProject
Project("{FAE04EC0-301F-11D3-BF4B-00C04F79EFBC}") = "DriverTests", "DriverTests\DriverTests.csproj", "{35B176D0-B93B-4180-B3AA-86FADA1C7F49}"
EndProject
Project("{2150E333-8FDC-42A3-9474-1A3956D46DE8}") = "Solution Items", "Solution Items", "{1160B828-403C-42E9-906E-0D039D8D989A}"
	ProjectSection(SolutionItems) = preProject
		LinqPad Mongo Driver.vsmdi = LinqPad Mongo Driver.vsmdi
		Local.testsettings = Local.testsettings
		README.txt = README.txt
		TraceAndTestImpact.testsettings = TraceAndTestImpact.testsettings
	EndProjectSection
EndProject
Global
	GlobalSection(TeamFoundationVersionControl) = preSolution
		SccNumberOfProjects = 4
		SccEnterpriseProvider = {4CA58AB2-18FA-4F8D-95D4-32DDF27D184C}
		SccTeamFoundationServer = http://tfs1h.gdsx.com:8080/tfs/gdsx
		SccLocalPath0 = .
		SccProjectUniqueName1 = LinqPad\u0020Mongo\u0020Driver\\LinqPad\u0020Mongo\u0020Driver.csproj
		SccProjectName1 = LinqPad\u0020Mongo\u0020Driver
		SccLocalPath1 = LinqPad\u0020Mongo\u0020Driver
		SccProjectUniqueName2 = TestApp\\TestApp.csproj
		SccProjectName2 = TestApp
		SccLocalPath2 = TestApp
		SccProjectUniqueName3 = DriverTests\\DriverTests.csproj
		SccProjectName3 = DriverTests
		SccLocalPath3 = DriverTests
	EndGlobalSection
	GlobalSection(TestCaseManagementSettings) = postSolution
		CategoryFile = LinqPad Mongo Driver.vsmdi
	EndGlobalSection
	GlobalSection(SolutionConfigurationPlatforms) = preSolution
		Debug|Any CPU = Debug|Any CPU
		Debug|Mixed Platforms = Debug|Mixed Platforms
		Debug|x86 = Debug|x86
		Release|Any CPU = Release|Any CPU
		Release|Mixed Platforms = Release|Mixed Platforms
		Release|x86 = Release|x86
	EndGlobalSection
	GlobalSection(ProjectConfigurationPlatforms) = postSolution
		{2B6FD49C-5B6E-413C-8B91-2C41A1F3F708}.Debug|Any CPU.ActiveCfg = Debug|Any CPU
		{2B6FD49C-5B6E-413C-8B91-2C41A1F3F708}.Debug|Any CPU.Build.0 = Debug|Any CPU
		{2B6FD49C-5B6E-413C-8B91-2C41A1F3F708}.Debug|Mixed Platforms.ActiveCfg = Debug|Any CPU
		{2B6FD49C-5B6E-413C-8B91-2C41A1F3F708}.Debug|Mixed Platforms.Build.0 = Debug|Any CPU
		{2B6FD49C-5B6E-413C-8B91-2C41A1F3F708}.Debug|x86.ActiveCfg = Debug|Any CPU
		{2B6FD49C-5B6E-413C-8B91-2C41A1F3F708}.Release|Any CPU.ActiveCfg = Release|Any CPU
		{2B6FD49C-5B6E-413C-8B91-2C41A1F3F708}.Release|Any CPU.Build.0 = Release|Any CPU
		{2B6FD49C-5B6E-413C-8B91-2C41A1F3F708}.Release|Mixed Platforms.ActiveCfg = Release|Any CPU
		{2B6FD49C-5B6E-413C-8B91-2C41A1F3F708}.Release|Mixed Platforms.Build.0 = Release|Any CPU
		{2B6FD49C-5B6E-413C-8B91-2C41A1F3F708}.Release|x86.ActiveCfg = Release|Any CPU
		{6CB12646-9DE3-4D29-A690-58035B290AA4}.Debug|Any CPU.ActiveCfg = Debug|x86
		{6CB12646-9DE3-4D29-A690-58035B290AA4}.Debug|Mixed Platforms.ActiveCfg = Debug|x86
		{6CB12646-9DE3-4D29-A690-58035B290AA4}.Debug|Mixed Platforms.Build.0 = Debug|x86
		{6CB12646-9DE3-4D29-A690-58035B290AA4}.Debug|x86.ActiveCfg = Debug|x86
		{6CB12646-9DE3-4D29-A690-58035B290AA4}.Debug|x86.Build.0 = Debug|x86
		{6CB12646-9DE3-4D29-A690-58035B290AA4}.Release|Any CPU.ActiveCfg = Release|x86
		{6CB12646-9DE3-4D29-A690-58035B290AA4}.Release|Mixed Platforms.ActiveCfg = Release|x86
		{6CB12646-9DE3-4D29-A690-58035B290AA4}.Release|Mixed Platforms.Build.0 = Release|x86
		{6CB12646-9DE3-4D29-A690-58035B290AA4}.Release|x86.ActiveCfg = Release|x86
		{6CB12646-9DE3-4D29-A690-58035B290AA4}.Release|x86.Build.0 = Release|x86
		{35B176D0-B93B-4180-B3AA-86FADA1C7F49}.Debug|Any CPU.ActiveCfg = Debug|Any CPU
		{35B176D0-B93B-4180-B3AA-86FADA1C7F49}.Debug|Any CPU.Build.0 = Debug|Any CPU
		{35B176D0-B93B-4180-B3AA-86FADA1C7F49}.Debug|Mixed Platforms.ActiveCfg = Debug|Any CPU
		{35B176D0-B93B-4180-B3AA-86FADA1C7F49}.Debug|Mixed Platforms.Build.0 = Debug|Any CPU
		{35B176D0-B93B-4180-B3AA-86FADA1C7F49}.Debug|x86.ActiveCfg = Debug|Any CPU
		{35B176D0-B93B-4180-B3AA-86FADA1C7F49}.Release|Any CPU.ActiveCfg = Release|Any CPU
		{35B176D0-B93B-4180-B3AA-86FADA1C7F49}.Release|Any CPU.Build.0 = Release|Any CPU
		{35B176D0-B93B-4180-B3AA-86FADA1C7F49}.Release|Mixed Platforms.ActiveCfg = Release|Any CPU
		{35B176D0-B93B-4180-B3AA-86FADA1C7F49}.Release|Mixed Platforms.Build.0 = Release|Any CPU
		{35B176D0-B93B-4180-B3AA-86FADA1C7F49}.Release|x86.ActiveCfg = Release|Any CPU
	EndGlobalSection
	GlobalSection(SolutionProperties) = preSolution
		HideSolutionNode = FALSE
	EndGlobalSection
EndGlobal
